
Microsoft Visual Studio Solution File, Format Version 12.00
# Visual Studio Version 17
VisualStudioVersion = 17.6.33829.357
MinimumVisualStudioVersion = 10.0.40219.1
Project("{FAE04EC0-301F-11D3-BF4B-00C04F79EFBC}") = "TicTacToeGame", "TicTacToeGame.csproj", "{85B74B09-5481-4ECF-90A8-6C3F3D847522}"
EndProject
Global
	GlobalSection(SolutionConfigurationPlatforms) = preSolution
		Debug|Any CPU = Debug|Any CPU
		Release|Any CPU = Release|Any CPU
	EndGlobalSection
	GlobalSection(ProjectConfigurationPlatforms) = postSolution
		{85B74B09-5481-4ECF-90A8-6C3F3D847522}.Debug|Any CPU.ActiveCfg = Debug|Any CPU
		{85B74B09-5481-4ECF-90A8-6C3F3D847522}.Debug|Any CPU.Build.0 = Debug|Any CPU
		{85B74B09-5481-4ECF-90A8-6C3F3D847522}.Release|Any CPU.ActiveCfg = Release|Any CPU
		{85B74B09-5481-4ECF-90A8-6C3F3D847522}.Release|Any CPU.Build.0 = Release|Any CPU
	EndGlobalSection
	GlobalSection(SolutionProperties) = preSolution
		HideSolutionNode = FALSE
	EndGlobalSection
	GlobalSection(ExtensibilityGlobals) = postSolution
		SolutionGuid = {098538BC-82CA-410A-9CBE-D44820D1E49F}
	EndGlobalSection
EndGlobal
